
Microsoft Visual Studio Solution File, Format Version 12.00
# Visual Studio Version 17
VisualStudioVersion = 17.4.33213.308
MinimumVisualStudioVersion = 10.0.40219.1
Project("{FAE04EC0-301F-11D3-BF4B-00C04F79EFBC}") = "AccountChooser", "AccountChooser\AccountChooser.csproj", "{9636D505-4387-4A29-87B8-D44882063518}"
EndProject
Project("{FAE04EC0-301F-11D3-BF4B-00C04F79EFBC}") = "AccountsXLL", "AccountsXLL\AccountsXLL.csproj", "{92758687-414C-41E7-AD07-E0D9B0DBB140}"
EndProject
Global
	GlobalSection(SolutionConfigurationPlatforms) = preSolution
		Debug|Any CPU = Debug|Any CPU
		Release|Any CPU = Release|Any CPU
	EndGlobalSection
	GlobalSection(ProjectConfigurationPlatforms) = postSolution
		{9636D505-4387-4A29-87B8-D44882063518}.Debug|Any CPU.ActiveCfg = Debug|Any CPU
		{9636D505-4387-4A29-87B8-D44882063518}.Debug|Any CPU.Build.0 = Debug|Any CPU
		{9636D505-4387-4A29-87B8-D44882063518}.Release|Any CPU.ActiveCfg = Release|Any CPU
		{9636D505-4387-4A29-87B8-D44882063518}.Release|Any CPU.Build.0 = Release|Any CPU
		{92758687-414C-41E7-AD07-E0D9B0DBB140}.Debug|Any CPU.ActiveCfg = Debug|Any CPU
		{92758687-414C-41E7-AD07-E0D9B0DBB140}.Debug|Any CPU.Build.0 = Debug|Any CPU
		{92758687-414C-41E7-AD07-E0D9B0DBB140}.Release|Any CPU.ActiveCfg = Release|Any CPU
		{92758687-414C-41E7-AD07-E0D9B0DBB140}.Release|Any CPU.Build.0 = Release|Any CPU
	EndGlobalSection
	GlobalSection(SolutionProperties) = preSolution
		HideSolutionNode = FALSE
	EndGlobalSection
	GlobalSection(ExtensibilityGlobals) = postSolution
		SolutionGuid = {BBEA213B-4185-44F9-94AA-1DB658207FE3}
	EndGlobalSection
EndGlobal
